
Microsoft Visual Studio Solution File, Format Version 12.00
# Visual Studio Version 17
VisualStudioVersion = 17.10.34928.147
MinimumVisualStudioVersion = 10.0.40219.1
Project("{9A19103F-16F7-4668-BE54-9A1E7A4F7556}") = "timesheet", "timesheet\timesheet.csproj", "{750AB4C2-C322-4252-83FD-4CDDA905EC70}"
EndProject
Project("{FAE04EC0-301F-11D3-BF4B-00C04F79EFBC}") = "webtimesheet", "webtimesheet\webtimesheet.csproj", "{1C86C397-8DAC-4B1D-B73D-ED51E0A27EB7}"
EndProject
Global
	GlobalSection(SolutionConfigurationPlatforms) = preSolution
		Debug|Any CPU = Debug|Any CPU
		Release|Any CPU = Release|Any CPU
	EndGlobalSection
	GlobalSection(ProjectConfigurationPlatforms) = postSolution
		{750AB4C2-C322-4252-83FD-4CDDA905EC70}.Debug|Any CPU.ActiveCfg = Debug|Any CPU
		{750AB4C2-C322-4252-83FD-4CDDA905EC70}.Debug|Any CPU.Build.0 = Debug|Any CPU
		{750AB4C2-C322-4252-83FD-4CDDA905EC70}.Release|Any CPU.ActiveCfg = Release|Any CPU
		{750AB4C2-C322-4252-83FD-4CDDA905EC70}.Release|Any CPU.Build.0 = Release|Any CPU
		{1C86C397-8DAC-4B1D-B73D-ED51E0A27EB7}.Debug|Any CPU.ActiveCfg = Debug|Any CPU
		{1C86C397-8DAC-4B1D-B73D-ED51E0A27EB7}.Debug|Any CPU.Build.0 = Debug|Any CPU
		{1C86C397-8DAC-4B1D-B73D-ED51E0A27EB7}.Release|Any CPU.ActiveCfg = Release|Any CPU
		{1C86C397-8DAC-4B1D-B73D-ED51E0A27EB7}.Release|Any CPU.Build.0 = Release|Any CPU
	EndGlobalSection
	GlobalSection(SolutionProperties) = preSolution
		HideSolutionNode = FALSE
	EndGlobalSection
	GlobalSection(ExtensibilityGlobals) = postSolution
		SolutionGuid = {3E49BCE7-CAE7-46DB-9F3D-F73533867635}
	EndGlobalSection
EndGlobal
